
Microsoft Visual Studio Solution File, Format Version 12.00
# Visual Studio Version 17
VisualStudioVersion = 17.2.32526.322
MinimumVisualStudioVersion = 10.0.40219.1
Project("{2150E333-8FDC-42A3-9474-1A3956D46DE8}") = "src", "src", "{BF832CC9-1380-4E75-B153-ADB9205D5116}"
EndProject
Project("{2150E333-8FDC-42A3-9474-1A3956D46DE8}") = "Api", "Api", "{B3A7F182-40BA-44FB-A4C3-3E3678F81BC2}"
EndProject
Project("{2150E333-8FDC-42A3-9474-1A3956D46DE8}") = "Clients", "Clients", "{BF871EBB-8ED0-4E0F-B8A2-070F1D25B7AA}"
EndProject
Project("{2150E333-8FDC-42A3-9474-1A3956D46DE8}") = "Common", "Common", "{CEEB6929-D7CC-43E2-9181-6C6FAC99B7E0}"
EndProject
Project("{2150E333-8FDC-42A3-9474-1A3956D46DE8}") = "Projections", "Projections", "{722C8DBF-C401-4F61-8AC7-ABA542B6BEA9}"
EndProject
Project("{2150E333-8FDC-42A3-9474-1A3956D46DE8}") = "Core", "Core", "{A6DA32D5-2DAB-428C-9D3C-177301A7A55D}"
EndProject
Project("{2150E333-8FDC-42A3-9474-1A3956D46DE8}") = "Infrastructre", "Infrastructre", "{60D2A35F-2923-4769-800F-A80D14442D5A}"
EndProject
Project("{2150E333-8FDC-42A3-9474-1A3956D46DE8}") = "WebApi", "WebApi", "{DFD5EEC2-4B93-4922-A29D-03479902B333}"
EndProject
Project("{2150E333-8FDC-42A3-9474-1A3956D46DE8}") = "ReactWebClient", "ReactWebClient", "{27D43778-A186-48D0-BCCD-2D4682A3609A}"
EndProject
Project("{FAE04EC0-301F-11D3-BF4B-00C04F79EFBC}") = "Fitzone.Common", "src\Common\Fitzone.Common\Fitzone.Common.csproj", "{0DAB1BED-7C95-4FB3-8F25-A321C5EAE6DA}"
EndProject
Project("{FAE04EC0-301F-11D3-BF4B-00C04F79EFBC}") = "Fitzone.Api.Core.Domain", "src\Api\Core\Fitzone.Api.Domain\Fitzone.Api.Core.Domain.csproj", "{43EA9F98-ED9A-4508-9AE7-6E4148ACFC1B}"
EndProject
Project("{FAE04EC0-301F-11D3-BF4B-00C04F79EFBC}") = "Fitzone.Api.Core.Application", "src\Api\Core\Fitzone.Api.Application\Fitzone.Api.Application\Fitzone.Api.Core.Application.csproj", "{C0A45CD5-2042-4BCB-AC56-FF56F686737B}"
EndProject
Project("{FAE04EC0-301F-11D3-BF4B-00C04F79EFBC}") = "Fitzone.Infrastructure.Persistence", "src\Api\Infrastructure\Fitzone.Infrastructure.Persistence\Fitzone.Infrastructure.Persistence.csproj", "{9012423C-363C-4B0A-A402-3873E8F0CA77}"
EndProject
Project("{FAE04EC0-301F-11D3-BF4B-00C04F79EFBC}") = "Fitzone.Api.WebApi", "src\Api\WebApi\Fitzone.Api.WebApi\Fitzone.Api.WebApi.csproj", "{420C2330-8EB2-4B00-8982-16487F85791F}"
EndProject
Project("{FAE04EC0-301F-11D3-BF4B-00C04F79EFBC}") = "Fitzone.Projections.UserService", "src\Projections\Fitzone.Projections.UserService\Fitzone.Projections.UserService.csproj", "{FE21B115-F8FD-4A66-B245-978313F3B5C8}"
EndProject
Global
	GlobalSection(SolutionConfigurationPlatforms) = preSolution
		Debug|Any CPU = Debug|Any CPU
		Release|Any CPU = Release|Any CPU
	EndGlobalSection
	GlobalSection(ProjectConfigurationPlatforms) = postSolution
		{0DAB1BED-7C95-4FB3-8F25-A321C5EAE6DA}.Debug|Any CPU.ActiveCfg = Debug|Any CPU
		{0DAB1BED-7C95-4FB3-8F25-A321C5EAE6DA}.Debug|Any CPU.Build.0 = Debug|Any CPU
		{0DAB1BED-7C95-4FB3-8F25-A321C5EAE6DA}.Release|Any CPU.ActiveCfg = Release|Any CPU
		{0DAB1BED-7C95-4FB3-8F25-A321C5EAE6DA}.Release|Any CPU.Build.0 = Release|Any CPU
		{43EA9F98-ED9A-4508-9AE7-6E4148ACFC1B}.Debug|Any CPU.ActiveCfg = Debug|Any CPU
		{43EA9F98-ED9A-4508-9AE7-6E4148ACFC1B}.Debug|Any CPU.Build.0 = Debug|Any CPU
		{43EA9F98-ED9A-4508-9AE7-6E4148ACFC1B}.Release|Any CPU.ActiveCfg = Release|Any CPU
		{43EA9F98-ED9A-4508-9AE7-6E4148ACFC1B}.Release|Any CPU.Build.0 = Release|Any CPU
		{C0A45CD5-2042-4BCB-AC56-FF56F686737B}.Debug|Any CPU.ActiveCfg = Debug|Any CPU
		{C0A45CD5-2042-4BCB-AC56-FF56F686737B}.Debug|Any CPU.Build.0 = Debug|Any CPU
		{C0A45CD5-2042-4BCB-AC56-FF56F686737B}.Release|Any CPU.ActiveCfg = Release|Any CPU
		{C0A45CD5-2042-4BCB-AC56-FF56F686737B}.Release|Any CPU.Build.0 = Release|Any CPU
		{9012423C-363C-4B0A-A402-3873E8F0CA77}.Debug|Any CPU.ActiveCfg = Debug|Any CPU
		{9012423C-363C-4B0A-A402-3873E8F0CA77}.Debug|Any CPU.Build.0 = Debug|Any CPU
		{9012423C-363C-4B0A-A402-3873E8F0CA77}.Release|Any CPU.ActiveCfg = Release|Any CPU
		{9012423C-363C-4B0A-A402-3873E8F0CA77}.Release|Any CPU.Build.0 = Release|Any CPU
		{420C2330-8EB2-4B00-8982-16487F85791F}.Debug|Any CPU.ActiveCfg = Debug|Any CPU
		{420C2330-8EB2-4B00-8982-16487F85791F}.Debug|Any CPU.Build.0 = Debug|Any CPU
		{420C2330-8EB2-4B00-8982-16487F85791F}.Release|Any CPU.ActiveCfg = Release|Any CPU
		{420C2330-8EB2-4B00-8982-16487F85791F}.Release|Any CPU.Build.0 = Release|Any CPU
		{FE21B115-F8FD-4A66-B245-978313F3B5C8}.Debug|Any CPU.ActiveCfg = Debug|Any CPU
		{FE21B115-F8FD-4A66-B245-978313F3B5C8}.Debug|Any CPU.Build.0 = Debug|Any CPU
		{FE21B115-F8FD-4A66-B245-978313F3B5C8}.Release|Any CPU.ActiveCfg = Release|Any CPU
		{FE21B115-F8FD-4A66-B245-978313F3B5C8}.Release|Any CPU.Build.0 = Release|Any CPU
	EndGlobalSection
	GlobalSection(SolutionProperties) = preSolution
		HideSolutionNode = FALSE
	EndGlobalSection
	GlobalSection(NestedProjects) = preSolution
		{B3A7F182-40BA-44FB-A4C3-3E3678F81BC2} = {BF832CC9-1380-4E75-B153-ADB9205D5116}
		{BF871EBB-8ED0-4E0F-B8A2-070F1D25B7AA} = {BF832CC9-1380-4E75-B153-ADB9205D5116}
		{CEEB6929-D7CC-43E2-9181-6C6FAC99B7E0} = {BF832CC9-1380-4E75-B153-ADB9205D5116}
		{722C8DBF-C401-4F61-8AC7-ABA542B6BEA9} = {BF832CC9-1380-4E75-B153-ADB9205D5116}
		{A6DA32D5-2DAB-428C-9D3C-177301A7A55D} = {B3A7F182-40BA-44FB-A4C3-3E3678F81BC2}
		{60D2A35F-2923-4769-800F-A80D14442D5A} = {B3A7F182-40BA-44FB-A4C3-3E3678F81BC2}
		{DFD5EEC2-4B93-4922-A29D-03479902B333} = {B3A7F182-40BA-44FB-A4C3-3E3678F81BC2}
		{27D43778-A186-48D0-BCCD-2D4682A3609A} = {BF871EBB-8ED0-4E0F-B8A2-070F1D25B7AA}
		{0DAB1BED-7C95-4FB3-8F25-A321C5EAE6DA} = {CEEB6929-D7CC-43E2-9181-6C6FAC99B7E0}
		{43EA9F98-ED9A-4508-9AE7-6E4148ACFC1B} = {A6DA32D5-2DAB-428C-9D3C-177301A7A55D}
		{C0A45CD5-2042-4BCB-AC56-FF56F686737B} = {A6DA32D5-2DAB-428C-9D3C-177301A7A55D}
		{9012423C-363C-4B0A-A402-3873E8F0CA77} = {60D2A35F-2923-4769-800F-A80D14442D5A}
		{420C2330-8EB2-4B00-8982-16487F85791F} = {DFD5EEC2-4B93-4922-A29D-03479902B333}
		{FE21B115-F8FD-4A66-B245-978313F3B5C8} = {722C8DBF-C401-4F61-8AC7-ABA542B6BEA9}
	EndGlobalSection
	GlobalSection(ExtensibilityGlobals) = postSolution
		SolutionGuid = {29E89DFF-0814-4049-B664-E6B86E12D850}
	EndGlobalSection
EndGlobal
