
Microsoft Visual Studio Solution File, Format Version 12.00
# Visual Studio Version 17
VisualStudioVersion = 17.5.33516.290
MinimumVisualStudioVersion = 10.0.40219.1
Project("{9A19103F-16F7-4668-BE54-9A1E7A4F7556}") = "Core", "Core.csproj", "{A6C54525-72C1-4104-BED7-3EE049C41583}"
EndProject
Project("{9A19103F-16F7-4668-BE54-9A1E7A4F7556}") = "Repository", "..\Repository\Repository.csproj", "{212C28AB-CBEE-4A62-AC31-34F8350BCDCB}"
EndProject
Project("{9A19103F-16F7-4668-BE54-9A1E7A4F7556}") = "Service", "..\Service\Service.csproj", "{D398ED12-8075-4225-B509-9EDD8911C117}"
EndProject
Project("{9A19103F-16F7-4668-BE54-9A1E7A4F7556}") = "Caching", "..\Caching\Caching.csproj", "{8D2FD1CF-3F88-4A38-8897-2428326E4B13}"
EndProject
Project("{9A19103F-16F7-4668-BE54-9A1E7A4F7556}") = "API", "..\API\API.csproj", "{78CEF925-96C3-4340-A97C-3AA6D8E59A5A}"
EndProject
Project("{2150E333-8FDC-42A3-9474-1A3956D46DE8}") = "Solution Items", "Solution Items", "{771F2D04-3BF9-44AA-8906-838EEBE5BFAE}"
	ProjectSection(SolutionItems) = preProject
		.editorconfig = .editorconfig
	EndProjectSection
EndProject
Global
	GlobalSection(SolutionConfigurationPlatforms) = preSolution
		Debug|Any CPU = Debug|Any CPU
		Release|Any CPU = Release|Any CPU
	EndGlobalSection
	GlobalSection(ProjectConfigurationPlatforms) = postSolution
		{A6C54525-72C1-4104-BED7-3EE049C41583}.Debug|Any CPU.ActiveCfg = Debug|Any CPU
		{A6C54525-72C1-4104-BED7-3EE049C41583}.Debug|Any CPU.Build.0 = Debug|Any CPU
		{A6C54525-72C1-4104-BED7-3EE049C41583}.Release|Any CPU.ActiveCfg = Release|Any CPU
		{A6C54525-72C1-4104-BED7-3EE049C41583}.Release|Any CPU.Build.0 = Release|Any CPU
		{212C28AB-CBEE-4A62-AC31-34F8350BCDCB}.Debug|Any CPU.ActiveCfg = Debug|Any CPU
		{212C28AB-CBEE-4A62-AC31-34F8350BCDCB}.Debug|Any CPU.Build.0 = Debug|Any CPU
		{212C28AB-CBEE-4A62-AC31-34F8350BCDCB}.Release|Any CPU.ActiveCfg = Release|Any CPU
		{212C28AB-CBEE-4A62-AC31-34F8350BCDCB}.Release|Any CPU.Build.0 = Release|Any CPU
		{D398ED12-8075-4225-B509-9EDD8911C117}.Debug|Any CPU.ActiveCfg = Debug|Any CPU
		{D398ED12-8075-4225-B509-9EDD8911C117}.Debug|Any CPU.Build.0 = Debug|Any CPU
		{D398ED12-8075-4225-B509-9EDD8911C117}.Release|Any CPU.ActiveCfg = Release|Any CPU
		{D398ED12-8075-4225-B509-9EDD8911C117}.Release|Any CPU.Build.0 = Release|Any CPU
		{8D2FD1CF-3F88-4A38-8897-2428326E4B13}.Debug|Any CPU.ActiveCfg = Debug|Any CPU
		{8D2FD1CF-3F88-4A38-8897-2428326E4B13}.Debug|Any CPU.Build.0 = Debug|Any CPU
		{8D2FD1CF-3F88-4A38-8897-2428326E4B13}.Release|Any CPU.ActiveCfg = Release|Any CPU
		{8D2FD1CF-3F88-4A38-8897-2428326E4B13}.Release|Any CPU.Build.0 = Release|Any CPU
		{78CEF925-96C3-4340-A97C-3AA6D8E59A5A}.Debug|Any CPU.ActiveCfg = Debug|Any CPU
		{78CEF925-96C3-4340-A97C-3AA6D8E59A5A}.Debug|Any CPU.Build.0 = Debug|Any CPU
		{78CEF925-96C3-4340-A97C-3AA6D8E59A5A}.Release|Any CPU.ActiveCfg = Release|Any CPU
		{78CEF925-96C3-4340-A97C-3AA6D8E59A5A}.Release|Any CPU.Build.0 = Release|Any CPU
	EndGlobalSection
	GlobalSection(SolutionProperties) = preSolution
		HideSolutionNode = FALSE
	EndGlobalSection
	GlobalSection(ExtensibilityGlobals) = postSolution
		SolutionGuid = {E39C5D31-ACE0-4FFF-B980-6F93DB6A96A6}
	EndGlobalSection
EndGlobal
